
Microsoft Visual Studio Solution File, Format Version 12.00
# Visual Studio Version 17
VisualStudioVersion = 17.14.36310.24
MinimumVisualStudioVersion = 10.0.40219.1
Project("{FAE04EC0-301F-11D3-BF4B-00C04F79EFBC}") = "GameShopSystem.Domain", "GameShopSystem.Domain\GameShopSystem.Domain.csproj", "{BEB1AEFA-5B61-41B6-A25F-1E5C70CCA380}"
EndProject
Project("{FAE04EC0-301F-11D3-BF4B-00C04F79EFBC}") = "GameShopSystem.Application", "GameShopSystem.Application\GameShopSystem.Application.csproj", "{3B72235E-BF26-485C-B583-0B576418B5E7}"
EndProject
Project("{FAE04EC0-301F-11D3-BF4B-00C04F79EFBC}") = "GameShopSystem.Infrastructure", "GameShopSystem.Infrastructure\GameShopSystem.Infrastructure.csproj", "{D35E207A-4706-494D-BB5E-3A90D536DB8F}"
EndProject
Project("{FAE04EC0-301F-11D3-BF4B-00C04F79EFBC}") = "GameShopSystem.Test", "GameShopSystem.Test\GameShopSystem.Test.csproj", "{C2732371-C787-4ABA-A2EA-1408E1DAC90F}"
EndProject
Global
	GlobalSection(SolutionConfigurationPlatforms) = preSolution
		Debug|Any CPU = Debug|Any CPU
		Release|Any CPU = Release|Any CPU
	EndGlobalSection
	GlobalSection(ProjectConfigurationPlatforms) = postSolution
		{BEB1AEFA-5B61-41B6-A25F-1E5C70CCA380}.Debug|Any CPU.ActiveCfg = Debug|Any CPU
		{BEB1AEFA-5B61-41B6-A25F-1E5C70CCA380}.Debug|Any CPU.Build.0 = Debug|Any CPU
		{BEB1AEFA-5B61-41B6-A25F-1E5C70CCA380}.Release|Any CPU.ActiveCfg = Release|Any CPU
		{BEB1AEFA-5B61-41B6-A25F-1E5C70CCA380}.Release|Any CPU.Build.0 = Release|Any CPU
		{3B72235E-BF26-485C-B583-0B576418B5E7}.Debug|Any CPU.ActiveCfg = Debug|Any CPU
		{3B72235E-BF26-485C-B583-0B576418B5E7}.Debug|Any CPU.Build.0 = Debug|Any CPU
		{3B72235E-BF26-485C-B583-0B576418B5E7}.Release|Any CPU.ActiveCfg = Release|Any CPU
		{3B72235E-BF26-485C-B583-0B576418B5E7}.Release|Any CPU.Build.0 = Release|Any CPU
		{D35E207A-4706-494D-BB5E-3A90D536DB8F}.Debug|Any CPU.ActiveCfg = Debug|Any CPU
		{D35E207A-4706-494D-BB5E-3A90D536DB8F}.Debug|Any CPU.Build.0 = Debug|Any CPU
		{D35E207A-4706-494D-BB5E-3A90D536DB8F}.Release|Any CPU.ActiveCfg = Release|Any CPU
		{D35E207A-4706-494D-BB5E-3A90D536DB8F}.Release|Any CPU.Build.0 = Release|Any CPU
		{C2732371-C787-4ABA-A2EA-1408E1DAC90F}.Debug|Any CPU.ActiveCfg = Debug|Any CPU
		{C2732371-C787-4ABA-A2EA-1408E1DAC90F}.Debug|Any CPU.Build.0 = Debug|Any CPU
		{C2732371-C787-4ABA-A2EA-1408E1DAC90F}.Release|Any CPU.ActiveCfg = Release|Any CPU
		{C2732371-C787-4ABA-A2EA-1408E1DAC90F}.Release|Any CPU.Build.0 = Release|Any CPU
	EndGlobalSection
	GlobalSection(SolutionProperties) = preSolution
		HideSolutionNode = FALSE
	EndGlobalSection
	GlobalSection(ExtensibilityGlobals) = postSolution
		SolutionGuid = {69A99C1A-D9AC-4D31-A179-0A403461812A}
	EndGlobalSection
EndGlobal
